{
  "name": "cli-ld",
  "version": "1.0.1",
  "lockfileVersion": 3,
  "requires": true,
  "packages": {
    "": {
      "name": "cli-ld",
      "version": "1.0.1",
      "license": "ISC",
      "dependencies": {
        "cli-ld-lib": "^1.0.1"
      },
      "bin": {
        "cli-ld": "bin/index.js"
      }
    },
    "node_modules/cli-ld-lib": {
      "version": "1.0.1",
      "resolved": "https://registry.npmjs.org/cli-ld-lib/-/cli-ld-lib-1.0.1.tgz",
      "integrity": "sha512-zxxTejMdXNgYb2TFsnycS8GJvuhmgDEShW/CTk8wMxi2nO0sqSCsbLULipdOFj3O6rGa2QnC0u0KqEHAynDpfQ=="
    }
  }
}
